
Microsoft Visual Studio Solution File, Format Version 12.00
# Visual Studio 15
VisualStudioVersion = 15.0.27703.1
MinimumVisualStudioVersion = 10.0.40219.1
Project("{FAE04EC0-301F-11D3-BF4B-00C04F79EFBC}") = "ETicaret.Web", "ETicaret.Web\ETicaret.Web.csproj", "{557DF8DC-1495-4E9E-BBB2-77BC26FAA497}"
	ProjectSection(ProjectDependencies) = postProject
		{7D2FBE50-9FDD-4616-A46E-11137CA18914} = {7D2FBE50-9FDD-4616-A46E-11137CA18914}
		{A51ACDC3-083C-46A2-9F23-E638A10A11AB} = {A51ACDC3-083C-46A2-9F23-E638A10A11AB}
	EndProjectSection
EndProject
Project("{FAE04EC0-301F-11D3-BF4B-00C04F79EFBC}") = "ETicaret.Data", "ETicaret.Data\ETicaret.Data.csproj", "{A51ACDC3-083C-46A2-9F23-E638A10A11AB}"
EndProject
Project("{FAE04EC0-301F-11D3-BF4B-00C04F79EFBC}") = "ETicaret.Services", "ETicaret.Services\ETicaret.Services.csproj", "{7D2FBE50-9FDD-4616-A46E-11137CA18914}"
	ProjectSection(ProjectDependencies) = postProject
		{A51ACDC3-083C-46A2-9F23-E638A10A11AB} = {A51ACDC3-083C-46A2-9F23-E638A10A11AB}
	EndProjectSection
EndProject
Project("{FAE04EC0-301F-11D3-BF4B-00C04F79EFBC}") = "ETicaret.Web.Admin", "ETicaret.Web.Admin\ETicaret.Web.Admin.csproj", "{02FE31C5-63C9-42C7-95B5-4C69A9D346DE}"
EndProject
Global
	GlobalSection(SolutionConfigurationPlatforms) = preSolution
		Debug|Any CPU = Debug|Any CPU
		Release|Any CPU = Release|Any CPU
	EndGlobalSection
	GlobalSection(ProjectConfigurationPlatforms) = postSolution
		{557DF8DC-1495-4E9E-BBB2-77BC26FAA497}.Debug|Any CPU.ActiveCfg = Debug|Any CPU
		{557DF8DC-1495-4E9E-BBB2-77BC26FAA497}.Debug|Any CPU.Build.0 = Debug|Any CPU
		{557DF8DC-1495-4E9E-BBB2-77BC26FAA497}.Release|Any CPU.ActiveCfg = Release|Any CPU
		{557DF8DC-1495-4E9E-BBB2-77BC26FAA497}.Release|Any CPU.Build.0 = Release|Any CPU
		{A51ACDC3-083C-46A2-9F23-E638A10A11AB}.Debug|Any CPU.ActiveCfg = Debug|Any CPU
		{A51ACDC3-083C-46A2-9F23-E638A10A11AB}.Debug|Any CPU.Build.0 = Debug|Any CPU
		{A51ACDC3-083C-46A2-9F23-E638A10A11AB}.Release|Any CPU.ActiveCfg = Release|Any CPU
		{A51ACDC3-083C-46A2-9F23-E638A10A11AB}.Release|Any CPU.Build.0 = Release|Any CPU
		{7D2FBE50-9FDD-4616-A46E-11137CA18914}.Debug|Any CPU.ActiveCfg = Debug|Any CPU
		{7D2FBE50-9FDD-4616-A46E-11137CA18914}.Debug|Any CPU.Build.0 = Debug|Any CPU
		{7D2FBE50-9FDD-4616-A46E-11137CA18914}.Release|Any CPU.ActiveCfg = Release|Any CPU
		{7D2FBE50-9FDD-4616-A46E-11137CA18914}.Release|Any CPU.Build.0 = Release|Any CPU
		{02FE31C5-63C9-42C7-95B5-4C69A9D346DE}.Debug|Any CPU.ActiveCfg = Debug|Any CPU
		{02FE31C5-63C9-42C7-95B5-4C69A9D346DE}.Debug|Any CPU.Build.0 = Debug|Any CPU
		{02FE31C5-63C9-42C7-95B5-4C69A9D346DE}.Release|Any CPU.ActiveCfg = Release|Any CPU
		{02FE31C5-63C9-42C7-95B5-4C69A9D346DE}.Release|Any CPU.Build.0 = Release|Any CPU
	EndGlobalSection
	GlobalSection(SolutionProperties) = preSolution
		HideSolutionNode = FALSE
	EndGlobalSection
	GlobalSection(ExtensibilityGlobals) = postSolution
		SolutionGuid = {F5731230-7314-421B-BD57-CE622A02F2C4}
	EndGlobalSection
EndGlobal
